// !$*UTF8*$!
{
	archiveVersion = 1;
	classes = {
	};
	objectVersion = 50;
	objects = {

/* Begin PBXBuildFile section */
		1D72C61A233E5F4D000DD9F8 /* AppDelegate.swift in Sources */ = {isa = PBXBuildFile; fileRef = 1D72C619233E5F4D000DD9F8 /* AppDelegate.swift */; };
		1D72C61C233E5F4D000DD9F8 /* ViewController.swift in Sources */ = {isa = PBXBuildFile; fileRef = 1D72C61B233E5F4D000DD9F8 /* ViewController.swift */; };
		1D72C61F233E5F4D000DD9F8 /* Main.storyboard in Resources */ = {isa = PBXBuildFile; fileRef = 1D72C61D233E5F4D000DD9F8 /* Main.storyboard */; };
		1D72C622233E5F4D000DD9F8 /* Choose_your_own_Adventure.xcdatamodeld in Sources */ = {isa = PBXBuildFile; fileRef = 1D72C620233E5F4D000DD9F8 /* Choose_your_own_Adventure.xcdatamodeld */; };
		1D72C624233E5F50000DD9F8 /* Assets.xcassets in Resources */ = {isa = PBXBuildFile; fileRef = 1D72C623233E5F50000DD9F8 /* Assets.xcassets */; };
		1D72C627233E5F50000DD9F8 /* LaunchScreen.storyboard in Resources */ = {isa = PBXBuildFile; fileRef = 1D72C625233E5F50000DD9F8 /* LaunchScreen.storyboard */; };
		1D72C632233E5F50000DD9F8 /* Choose_your_own_AdventureTests.swift in Sources */ = {isa = PBXBuildFile; fileRef = 1D72C631233E5F50000DD9F8 /* Choose_your_own_AdventureTests.swift */; };
		1D72C63D233E5F50000DD9F8 /* Choose_your_own_AdventureUITests.swift in Sources */ = {isa = PBXBuildFile; fileRef = 1D72C63C233E5F50000DD9F8 /* Choose_your_own_AdventureUITests.swift */; };
/* End PBXBuildFile section */

/* Begin PBXContainerItemProxy section */
		1D72C62E233E5F50000DD9F8 /* PBXContainerItemProxy */ = {
			isa = PBXContainerItemProxy;
			containerPortal = 1D72C60E233E5F4C000DD9F8 /* Project object */;
			proxyType = 1;
			remoteGlobalIDString = 1D72C615233E5F4C000DD9F8;
			remoteInfo = "Choose your own Adventure";
		};
		1D72C639233E5F50000DD9F8 /* PBXContainerItemProxy */ = {
			isa = PBXContainerItemProxy;
			containerPortal = 1D72C60E233E5F4C000DD9F8 /* Project object */;
			proxyType = 1;
			remoteGlobalIDString = 1D72C615233E5F4C000DD9F8;
			remoteInfo = "Choose your own Adventure";
		};
/* End PBXContainerItemProxy section */

/* Begin PBXFileReference section */
		1D72C616233E5F4D000DD9F8 /* Choose your own Adventure.app */ = {isa = PBXFileReference; explicitFileType = wrapper.application; includeInIndex = 0; path = "Choose your own Adventure.app"; sourceTree = BUILT_PRODUCTS_DIR; };
		1D72C619233E5F4D000DD9F8 /* AppDelegate.swift */ = {isa = PBXFileReference; lastKnownFileType = sourcecode.swift; path = AppDelegate.swift; sourceTree = "<group>"; };
		1D72C61B233E5F4D000DD9F8 /* ViewController.swift */ = {isa = PBXFileReference; lastKnownFileType = sourcecode.swift; path = ViewController.swift; sourceTree = "<group>"; };
		1D72C61E233E5F4D000DD9F8 /* Base */ = {isa = PBXFileReference; lastKnownFileType = file.storyboard; name = Base; path = Base.lproj/Main.storyboard; sourceTree = "<group>"; };
		1D72C621233E5F4D000DD9F8 /* Choose_your_own_Adventure.xcdatamodel */ = {isa = PBXFileReference; lastKnownFileType = wrapper.xcdatamodel; path = Choose_your_own_Adventure.xcdatamodel; sourceTree = "<group>"; };
		1D72C623233E5F50000DD9F8 /* Assets.xcassets */ = {isa = PBXFileReference; lastKnownFileType = folder.assetcatalog; path = Assets.xcassets; sourceTree = "<group>"; };
		1D72C626233E5F50000DD9F8 /* Base */ = {isa = PBXFileReference; lastKnownFileType = file.storyboard; name = Base; path = Base.lproj/LaunchScreen.storyboard; sourceTree = "<group>"; };
		1D72C628233E5F50000DD9F8 /* Info.plist */ = {isa = PBXFileReference; lastKnownFileType = text.plist.xml; path = Info.plist; sourceTree = "<group>"; };
		1D72C62D233E5F50000DD9F8 /* Choose your own AdventureTests.xctest */ = {isa = PBXFileReference; explicitFileType = wrapper.cfbundle; includeInIndex = 0; path = "Choose your own AdventureTests.xctest"; sourceTree = BUILT_PRODUCTS_DIR; };
		1D72C631233E5F50000DD9F8 /* Choose_your_own_AdventureTests.swift */ = {isa = PBXFileReference; lastKnownFileType = sourcecode.swift; path = Choose_your_own_AdventureTests.swift; sourceTree = "<group>"; };
		1D72C633233E5F50000DD9F8 /* Info.plist */ = {isa = PBXFileReference; lastKnownFileType = text.plist.xml; path = Info.plist; sourceTree = "<group>"; };
		1D72C638233E5F50000DD9F8 /* Choose your own AdventureUITests.xctest */ = {isa = PBXFileReference; explicitFileType = wrapper.cfbundle; includeInIndex = 0; path = "Choose your own AdventureUITests.xctest"; sourceTree = BUILT_PRODUCTS_DIR; };
		1D72C63C233E5F50000DD9F8 /* Choose_your_own_AdventureUITests.swift */ = {isa = PBXFileReference; lastKnownFileType = sourcecode.swift; path = Choose_your_own_AdventureUITests.swift; sourceTree = "<group>"; };
		1D72C63E233E5F50000DD9F8 /* Info.plist */ = {isa = PBXFileReference; lastKnownFileType = text.plist.xml; path = Info.plist; sourceTree = "<group>"; };
/* End PBXFileReference section */

/* Begin PBXFrameworksBuildPhase section */
		1D72C613233E5F4C000DD9F8 /* Frameworks */ = {
			isa = PBXFrameworksBuildPhase;
			buildActionMask = 2147483647;
			files = (
			);
			runOnlyForDeploymentPostprocessing = 0;
		};
		1D72C62A233E5F50000DD9F8 /* Frameworks */ = {
			isa = PBXFrameworksBuildPhase;
			buildActionMask = 2147483647;
			files = (
			);
			runOnlyForDeploymentPostprocessing = 0;
		};
		1D72C635233E5F50000DD9F8 /* Frameworks */ = {
			isa = PBXFrameworksBuildPhase;
			buildActionMask = 2147483647;
			files = (
			);
			runOnlyForDeploymentPostprocessing = 0;
		};
/* End PBXFrameworksBuildPhase section */

/* Begin PBXGroup section */
		1D72C60D233E5F4C000DD9F8 = {
			isa = PBXGroup;
			children = (
				1D72C618233E5F4D000DD9F8 /* Choose your own Adventure */,
				1D72C630233E5F50000DD9F8 /* Choose your own AdventureTests */,
				1D72C63B233E5F50000DD9F8 /* Choose your own AdventureUITests */,
				1D72C617233E5F4D000DD9F8 /* Products */,
			);
			sourceTree = "<group>";
		};
		1D72C617233E5F4D000DD9F8 /* Products */ = {
			isa = PBXGroup;
			children = (
				1D72C616233E5F4D000DD9F8 /* Choose your own Adventure.app */,
				1D72C62D233E5F50000DD9F8 /* Choose your own AdventureTests.xctest */,
				1D72C638233E5F50000DD9F8 /* Choose your own AdventureUITests.xctest */,
			);
			name = Products;
			sourceTree = "<group>";
		};
		1D72C618233E5F4D000DD9F8 /* Choose your own Adventure */ = {
			isa = PBXGroup;
			children = (
				1D72C619233E5F4D000DD9F8 /* AppDelegate.swift */,
				1D72C61B233E5F4D000DD9F8 /* ViewController.swift */,
				1D72C61D233E5F4D000DD9F8 /* Main.storyboard */,
				1D72C623233E5F50000DD9F8 /* Assets.xcassets */,
				1D72C625233E5F50000DD9F8 /* LaunchScreen.storyboard */,
				1D72C628233E5F50000DD9F8 /* Info.plist */,
				1D72C620233E5F4D000DD9F8 /* Choose_your_own_Adventure.xcdatamodeld */,
			);
			path = "Choose your own Adventure";
			sourceTree = "<group>";
		};
		1D72C630233E5F50000DD9F8 /* Choose your own AdventureTests */ = {
			isa = PBXGroup;
			children = (
				1D72C631233E5F50000DD9F8 /* Choose_your_own_AdventureTests.swift */,
				1D72C633233E5F50000DD9F8 /* Info.plist */,
			);
			path = "Choose your own AdventureTests";
			sourceTree = "<group>";
		};
		1D72C63B233E5F50000DD9F8 /* Choose your own AdventureUITests */ = {
			isa = PBXGroup;
			children = (
				1D72C63C233E5F50000DD9F8 /* Choose_your_own_AdventureUITests.swift */,
				1D72C63E233E5F50000DD9F8 /* Info.plist */,
			);
			path = "Choose your own AdventureUITests";
			sourceTree = "<group>";
		};
/* End PBXGroup section */

/* Begin PBXNativeTarget section */
		1D72C615233E5F4C000DD9F8 /* Choose your own Adventure */ = {
			isa = PBXNativeTarget;
			buildConfigurationList = 1D72C641233E5F50000DD9F8 /* Build configuration list for PBXNativeTarget "Choose your own Adventure" */;
			buildPhases = (
				1D72C612233E5F4C000DD9F8 /* Sources */,
				1D72C613233E5F4C000DD9F8 /* Frameworks */,
				1D72C614233E5F4C000DD9F8 /* Resources */,
			);
			buildRules = (
			);
			dependencies = (
			);
			name = "Choose your own Adventure";
			productName = "Choose your own Adventure";
			productReference = 1D72C616233E5F4D000DD9F8 /* Choose your own Adventure.app */;
			productType = "com.apple.product-type.application";
		};
		1D72C62C233E5F50000DD9F8 /* Choose your own AdventureTests */ = {
			isa = PBXNativeTarget;
			buildConfigurationList = 1D72C644233E5F50000DD9F8 /* Build configuration list for PBXNativeTarget "Choose your own AdventureTests" */;
			buildPhases = (
				1D72C629233E5F50000DD9F8 /* Sources */,
				1D72C62A233E5F50000DD9F8 /* Frameworks */,
				1D72C62B233E5F50000DD9F8 /* Resources */,
			);
			buildRules = (
			);
			dependencies = (
				1D72C62F233E5F50000DD9F8 /* PBXTargetDependency */,
			);
			name = "Choose your own AdventureTests";
			productName = "Choose your own AdventureTests";
			productReference = 1D72C62D233E5F50000DD9F8 /* Choose your own AdventureTests.xctest */;
			productType = "com.apple.product-type.bundle.unit-test";
		};
		1D72C637233E5F50000DD9F8 /* Choose your own AdventureUITests */ = {
			isa = PBXNativeTarget;
			buildConfigurationList = 1D72C647233E5F50000DD9F8 /* Build configuration list for PBXNativeTarget "Choose your own AdventureUITests" */;
			buildPhases = (
				1D72C634233E5F50000DD9F8 /* Sources */,
				1D72C635233E5F50000DD9F8 /* Frameworks */,
				1D72C636233E5F50000DD9F8 /* Resources */,
			);
			buildRules = (
			);
			dependencies = (
				1D72C63A233E5F50000DD9F8 /* PBXTargetDependency */,
			);
			name = "Choose your own AdventureUITests";
			productName = "Choose your own AdventureUITests";
			productReference = 1D72C638233E5F50000DD9F8 /* Choose your own AdventureUITests.xctest */;
			productType = "com.apple.product-type.bundle.ui-testing";
		};
/* End PBXNativeTarget section */

/* Begin PBXProject section */
		1D72C60E233E5F4C000DD9F8 /* Project object */ = {
			isa = PBXProject;
			attributes = {
				LastSwiftUpdateCheck = 1030;
				LastUpgradeCheck = 1030;
				ORGANIZATIONNAME = "Brandon Adiele";
				TargetAttributes = {
					1D72C615233E5F4C000DD9F8 = {
						CreatedOnToolsVersion = 10.3;
					};
					1D72C62C233E5F50000DD9F8 = {
						CreatedOnToolsVersion = 10.3;
						TestTargetID = 1D72C615233E5F4C000DD9F8;
					};
					1D72C637233E5F50000DD9F8 = {
						CreatedOnToolsVersion = 10.3;
						TestTargetID = 1D72C615233E5F4C000DD9F8;
					};
				};
			};
			buildConfigurationList = 1D72C611233E5F4C000DD9F8 /* Build configuration list for PBXProject "Choose your own Adventure" */;
			compatibilityVersion = "Xcode 9.3";
			developmentRegion = en;
			hasScannedForEncodings = 0;
			knownRegions = (
				en,
				Base,
			);
			mainGroup = 1D72C60D233E5F4C000DD9F8;
			productRefGroup = 1D72C617233E5F4D000DD9F8 /* Products */;
			projectDirPath = "";
			projectRoot = "";
			targets = (
				1D72C615233E5F4C000DD9F8 /* Choose your own Adventure */,
				1D72C62C233E5F50000DD9F8 /* Choose your own AdventureTests */,
				1D72C637233E5F50000DD9F8 /* Choose your own AdventureUITests */,
			);
		};
/* End PBXProject section */

/* Begin PBXResourcesBuildPhase section */
		1D72C614233E5F4C000DD9F8 /* Resources */ = {
			isa = PBXResourcesBuildPhase;
			buildActionMask = 2147483647;
			files = (
				1D72C627233E5F50000DD9F8 /* LaunchScreen.storyboard in Resources */,
				1D72C624233E5F50000DD9F8 /* Assets.xcassets in Resources */,
				1D72C61F233E5F4D000DD9F8 /* Main.storyboard in Resources */,
			);
			runOnlyForDeploymentPostprocessing = 0;
		};
		1D72C62B233E5F50000DD9F8 /* Resources */ = {
			isa = PBXResourcesBuildPhase;
			buildActionMask = 2147483647;
			files = (
			);
			runOnlyForDeploymentPostprocessing = 0;
		};
		1D72C636233E5F50000DD9F8 /* Resources */ = {
			isa = PBXResourcesBuildPhase;
			buildActionMask = 2147483647;
			files = (
			);
			runOnlyForDeploymentPostprocessing = 0;
		};
/* End PBXResourcesBuildPhase section */

/* Begin PBXSourcesBuildPhase section */
		1D72C612233E5F4C000DD9F8 /* Sources */ = {
			isa = PBXSourcesBuildPhase;
			buildActionMask = 2147483647;
			files = (
				1D72C61C233E5F4D000DD9F8 /* ViewController.swift in Sources */,
				1D72C61A233E5F4D000DD9F8 /* AppDelegate.swift in Sources */,
				1D72C622233E5F4D000DD9F8 /* Choose_your_own_Adventure.xcdatamodeld in Sources */,
			);
			runOnlyForDeploymentPostprocessing = 0;
		};
		1D72C629233E5F50000DD9F8 /* Sources */ = {
			isa = PBXSourcesBuildPhase;
			buildActionMask = 2147483647;
			files = (
				1D72C632233E5F50000DD9F8 /* Choose_your_own_AdventureTests.swift in Sources */,
			);
			runOnlyForDeploymentPostprocessing = 0;
		};
		1D72C634233E5F50000DD9F8 /* Sources */ = {
			isa = PBXSourcesBuildPhase;
			buildActionMask = 2147483647;
			files = (
				1D72C63D233E5F50000DD9F8 /* Choose_your_own_AdventureUITests.swift in Sources */,
			);
			runOnlyForDeploymentPostprocessing = 0;
		};
/* End PBXSourcesBuildPhase section */

/* Begin PBXTargetDependency section */
		1D72C62F233E5F50000DD9F8 /* PBXTargetDependency */ = {
			isa = PBXTargetDependency;
			target = 1D72C615233E5F4C000DD9F8 /* Choose your own Adventure */;
			targetProxy = 1D72C62E233E5F50000DD9F8 /* PBXContainerItemProxy */;
		};
		1D72C63A233E5F50000DD9F8 /* PBXTargetDependency */ = {
			isa = PBXTargetDependency;
			target = 1D72C615233E5F4C000DD9F8 /* Choose your own Adventure */;
			targetProxy = 1D72C639233E5F50000DD9F8 /* PBXContainerItemProxy */;
		};
/* End PBXTargetDependency section */

/* Begin PBXVariantGroup section */
		1D72C61D233E5F4D000DD9F8 /* Main.storyboard */ = {
			isa = PBXVariantGroup;
			children = (
				1D72C61E233E5F4D000DD9F8 /* Base */,
			);
			name = Main.storyboard;
			sourceTree = "<group>";
		};
		1D72C625233E5F50000DD9F8 /* LaunchScreen.storyboard */ = {
			isa = PBXVariantGroup;
			children = (
				1D72C626233E5F50000DD9F8 /* Base */,
			);
			name = LaunchScreen.storyboard;
			sourceTree = "<group>";
		};
/* End PBXVariantGroup section */

/* Begin XCBuildConfiguration section */
		1D72C63F233E5F50000DD9F8 /* Debug */ = {
			isa = XCBuildConfiguration;
			buildSettings = {
				ALWAYS_SEARCH_USER_PATHS = NO;
				CLANG_ANALYZER_NONNULL = YES;
				CLANG_ANALYZER_NUMBER_OBJECT_CONVERSION = YES_AGGRESSIVE;
				CLANG_CXX_LANGUAGE_STANDARD = "gnu++14";
				CLANG_CXX_LIBRARY = "libc++";
				CLANG_ENABLE_MODULES = YES;
				CLANG_ENABLE_OBJC_ARC = YES;
				CLANG_ENABLE_OBJC_WEAK = YES;
				CLANG_WARN_BLOCK_CAPTURE_AUTORELEASING = YES;
				CLANG_WARN_BOOL_CONVERSION = YES;
				CLANG_WARN_COMMA = YES;
				CLANG_WARN_CONSTANT_CONVERSION = YES;
				CLANG_WARN_DEPRECATED_OBJC_IMPLEMENTATIONS = YES;
				CLANG_WARN_DIRECT_OBJC_ISA_USAGE = YES_ERROR;
				CLANG_WARN_DOCUMENTATION_COMMENTS = YES;
				CLANG_WARN_EMPTY_BODY = YES;
				CLANG_WARN_ENUM_CONVERSION = YES;
				CLANG_WARN_INFINITE_RECURSION = YES;
				CLANG_WARN_INT_CONVERSION = YES;
				CLANG_WARN_NON_LITERAL_NULL_CONVERSION = YES;
				CLANG_WARN_OBJC_IMPLICIT_RETAIN_SELF = YES;
				CLANG_WARN_OBJC_LITERAL_CONVERSION = YES;
				CLANG_WARN_OBJC_ROOT_CLASS = YES_ERROR;
				CLANG_WARN_RANGE_LOOP_ANALYSIS = YES;
				CLANG_WARN_STRICT_PROTOTYPES = YES;
				CLANG_WARN_SUSPICIOUS_MOVE = YES;
				CLANG_WARN_UNGUARDED_AVAILABILITY = YES_AGGRESSIVE;
				CLANG_WARN_UNREACHABLE_CODE = YES;
				CLANG_WARN__DUPLICATE_METHOD_MATCH = YES;
				CODE_SIGN_IDENTITY = "iPhone Developer";
				COPY_PHASE_STRIP = NO;
				DEBUG_INFORMATION_FORMAT = dwarf;
				ENABLE_STRICT_OBJC_MSGSEND = YES;
				ENABLE_TESTABILITY = YES;
				GCC_C_LANGUAGE_STANDARD = gnu11;
				GCC_DYNAMIC_NO_PIC = NO;
				GCC_NO_COMMON_BLOCKS = YES;
				GCC_OPTIMIZATION_LEVEL = 0;
				GCC_PREPROCESSOR_DEFINITIONS = (
					"DEBUG=1",
					"$(inherited)",
				);
				GCC_WARN_64_TO_32_BIT_CONVERSION = YES;
				GCC_WARN_ABOUT_RETURN_TYPE = YES_ERROR;
				GCC_WARN_UNDECLARED_SELECTOR = YES;
				GCC_WARN_UNINITIALIZED_AUTOS = YES_AGGRESSIVE;
				GCC_WARN_UNUSED_FUNCTION = YES;
				GCC_WARN_UNUSED_VARIABLE = YES;
				IPHONEOS_DEPLOYMENT_TARGET = 12.4;
				MTL_ENABLE_DEBUG_INFO = INCLUDE_SOURCE;
				MTL_FAST_MATH = YES;
				ONLY_ACTIVE_ARCH = YES;
				SDKROOT = iphoneos;
				SWIFT_ACTIVE_COMPILATION_CONDITIONS = DEBUG;
				SWIFT_OPTIMIZATION_LEVEL = "-Onone";
			};
			name = Debug;
		};
		1D72C640233E5F50000DD9F8 /* Release */ = {
			isa = XCBuildConfiguration;
			buildSettings = {
				ALWAYS_SEARCH_USER_PATHS = NO;
				CLANG_ANALYZER_NONNULL = YES;
				CLANG_ANALYZER_NUMBER_OBJECT_CONVERSION = YES_AGGRESSIVE;
				CLANG_CXX_LANGUAGE_STANDARD = "gnu++14";
				CLANG_CXX_LIBRARY = "libc++";
				CLANG_ENABLE_MODULES = YES;
				CLANG_ENABLE_OBJC_ARC = YES;
				CLANG_ENABLE_OBJC_WEAK = YES;
				CLANG_WARN_BLOCK_CAPTURE_AUTORELEASING = YES;
				CLANG_WARN_BOOL_CONVERSION = YES;
				CLANG_WARN_COMMA = YES;
				CLANG_WARN_CONSTANT_CONVERSION = YES;
				CLANG_WARN_DEPRECATED_OBJC_IMPLEMENTATIONS = YES;
				CLANG_WARN_DIRECT_OBJC_ISA_USAGE = YES_ERROR;
				CLANG_WARN_DOCUMENTATION_COMMENTS = YES;
				CLANG_WARN_EMPTY_BODY = YES;
				CLANG_WARN_ENUM_CONVERSION = YES;
				CLANG_WARN_INFINITE_RECURSION = YES;
				CLANG_WARN_INT_CONVERSION = YES;
				CLANG_WARN_NON_LITERAL_NULL_CONVERSION = YES;
				CLANG_WARN_OBJC_IMPLICIT_RETAIN_SELF = YES;
				CLANG_WARN_OBJC_LITERAL_CONVERSION = YES;
				CLANG_WARN_OBJC_ROOT_CLASS = YES_ERROR;
				CLANG_WARN_RANGE_LOOP_ANALYSIS = YES;
				CLANG_WARN_STRICT_PROTOTYPES = YES;
				CLANG_WARN_SUSPICIOUS_MOVE = YES;
				CLANG_WARN_UNGUARDED_AVAILABILITY = YES_AGGRESSIVE;
				CLANG_WARN_UNREACHABLE_CODE = YES;
				CLANG_WARN__DUPLICATE_METHOD_MATCH = YES;
				CODE_SIGN_IDENTITY = "iPhone Developer";
				COPY_PHASE_STRIP = NO;
				DEBUG_INFORMATION_FORMAT = "dwarf-with-dsym";
				ENABLE_NS_ASSERTIONS = NO;
				ENABLE_STRICT_OBJC_MSGSEND = YES;
				GCC_C_LANGUAGE_STANDARD = gnu11;
				GCC_NO_COMMON_BLOCKS = YES;
				GCC_WARN_64_TO_32_BIT_CONVERSION = YES;
				GCC_WARN_ABOUT_RETURN_TYPE = YES_ERROR;
				GCC_WARN_UNDECLARED_SELECTOR = YES;
				GCC_WARN_UNINITIALIZED_AUTOS = YES_AGGRESSIVE;
				GCC_WARN_UNUSED_FUNCTION = YES;
				GCC_WARN_UNUSED_VARIABLE = YES;
				IPHONEOS_DEPLOYMENT_TARGET = 12.4;
				MTL_ENABLE_DEBUG_INFO = NO;
				MTL_FAST_MATH = YES;
				SDKROOT = iphoneos;
				SWIFT_COMPILATION_MODE = wholemodule;
				SWIFT_OPTIMIZATION_LEVEL = "-O";
				VALIDATE_PRODUCT = YES;
			};
			name = Release;
		};
		1D72C642233E5F50000DD9F8 /* Debug */ = {
			isa = XCBuildConfiguration;
			buildSettings = {
				ASSETCATALOG_COMPILER_APPICON_NAME = AppIcon;
				CODE_SIGN_STYLE = Automatic;
				INFOPLIST_FILE = "Choose your own Adventure/Info.plist";
				LD_RUNPATH_SEARCH_PATHS = (
					"$(inherited)",
					"@executable_path/Frameworks",
				);
				PRODUCT_BUNDLE_IDENTIFIER = "com.brandonadiele.Choose-your-own-Adventure";
				PRODUCT_NAME = "$(TARGET_NAME)";
				SWIFT_VERSION = 5.0;
				TARGETED_DEVICE_FAMILY = "1,2";
			};
			name = Debug;
		};
		1D72C643233E5F50000DD9F8 /* Release */ = {
			isa = XCBuildConfiguration;
			buildSettings = {
				ASSETCATALOG_COMPILER_APPICON_NAME = AppIcon;
				CODE_SIGN_STYLE = Automatic;
				INFOPLIST_FILE = "Choose your own Adventure/Info.plist";
				LD_RUNPATH_SEARCH_PATHS = (
					"$(inherited)",
					"@executable_path/Frameworks",
				);
				PRODUCT_BUNDLE_IDENTIFIER = "com.brandonadiele.Choose-your-own-Adventure";
				PRODUCT_NAME = "$(TARGET_NAME)";
				SWIFT_VERSION = 5.0;
				TARGETED_DEVICE_FAMILY = "1,2";
			};
			name = Release;
		};
		1D72C645233E5F50000DD9F8 /* Debug */ = {
			isa = XCBuildConfiguration;
			buildSettings = {
				ALWAYS_EMBED_SWIFT_STANDARD_LIBRARIES = YES;
				BUNDLE_LOADER = "$(TEST_HOST)";
				CODE_SIGN_STYLE = Automatic;
				INFOPLIST_FILE = "Choose your own AdventureTests/Info.plist";
				LD_RUNPATH_SEARCH_PATHS = (
					"$(inherited)",
					"@executable_path/Frameworks",
					"@loader_path/Frameworks",
				);
				PRODUCT_BUNDLE_IDENTIFIER = "com.brandonadiele.Choose-your-own-AdventureTests";
				PRODUCT_NAME = "$(TARGET_NAME)";
				SWIFT_VERSION = 5.0;
				TARGETED_DEVICE_FAMILY = "1,2";
				TEST_HOST = "$(BUILT_PRODUCTS_DIR)/Choose your own Adventure.app/Choose your own Adventure";
			};
			name = Debug;
		};
		1D72C646233E5F50000DD9F8 /* Release */ = {
			isa = XCBuildConfiguration;
			buildSettings = {
				ALWAYS_EMBED_SWIFT_STANDARD_LIBRARIES = YES;
				BUNDLE_LOADER = "$(TEST_HOST)";
				CODE_SIGN_STYLE = Automatic;
				INFOPLIST_FILE = "Choose your own AdventureTests/Info.plist";
				LD_RUNPATH_SEARCH_PATHS = (
					"$(inherited)",
					"@executable_path/Frameworks",
					"@loader_path/Frameworks",
				);
				PRODUCT_BUNDLE_IDENTIFIER = "com.brandonadiele.Choose-your-own-AdventureTests";
				PRODUCT_NAME = "$(TARGET_NAME)";
				SWIFT_VERSION = 5.0;
				TARGETED_DEVICE_FAMILY = "1,2";
				TEST_HOST = "$(BUILT_PRODUCTS_DIR)/Choose your own Adventure.app/Choose your own Adventure";
			};
			name = Release;
		};
		1D72C648233E5F50000DD9F8 /* Debug */ = {
			isa = XCBuildConfiguration;
			buildSettings = {
				ALWAYS_EMBED_SWIFT_STANDARD_LIBRARIES = YES;
				CODE_SIGN_STYLE = Automatic;
				INFOPLIST_FILE = "Choose your own AdventureUITests/Info.plist";
				LD_RUNPATH_SEARCH_PATHS = (
					"$(inherited)",
					"@executable_path/Frameworks",
					"@loader_path/Frameworks",
				);
				PRODUCT_BUNDLE_IDENTIFIER = "com.brandonadiele.Choose-your-own-AdventureUITests";
				PRODUCT_NAME = "$(TARGET_NAME)";
				SWIFT_VERSION = 5.0;
				TARGETED_DEVICE_FAMILY = "1,2";
				TEST_TARGET_NAME = "Choose your own Adventure";
			};
			name = Debug;
		};
		1D72C649233E5F50000DD9F8 /* Release */ = {
			isa = XCBuildConfiguration;
			buildSettings = {
				ALWAYS_EMBED_SWIFT_STANDARD_LIBRARIES = YES;
				CODE_SIGN_STYLE = Automatic;
				INFOPLIST_FILE = "Choose your own AdventureUITests/Info.plist";
				LD_RUNPATH_SEARCH_PATHS = (
					"$(inherited)",
					"@executable_path/Frameworks",
					"@loader_path/Frameworks",
				);
				PRODUCT_BUNDLE_IDENTIFIER = "com.brandonadiele.Choose-your-own-AdventureUITests";
				PRODUCT_NAME = "$(TARGET_NAME)";
				SWIFT_VERSION = 5.0;
				TARGETED_DEVICE_FAMILY = "1,2";
				TEST_TARGET_NAME = "Choose your own Adventure";
			};
			name = Release;
		};
/* End XCBuildConfiguration section */

/* Begin XCConfigurationList section */
		1D72C611233E5F4C000DD9F8 /* Build configuration list for PBXProject "Choose your own Adventure" */ = {
			isa = XCConfigurationList;
			buildConfigurations = (
				1D72C63F233E5F50000DD9F8 /* Debug */,
				1D72C640233E5F50000DD9F8 /* Release */,
			);
			defaultConfigurationIsVisible = 0;
			defaultConfigurationName = Release;
		};
		1D72C641233E5F50000DD9F8 /* Build configuration list for PBXNativeTarget "Choose your own Adventure" */ = {
			isa = XCConfigurationList;
			buildConfigurations = (
				1D72C642233E5F50000DD9F8 /* Debug */,
				1D72C643233E5F50000DD9F8 /* Release */,
			);
			defaultConfigurationIsVisible = 0;
			defaultConfigurationName = Release;
		};
		1D72C644233E5F50000DD9F8 /* Build configuration list for PBXNativeTarget "Choose your own AdventureTests" */ = {
			isa = XCConfigurationList;
			buildConfigurations = (
				1D72C645233E5F50000DD9F8 /* Debug */,
				1D72C646233E5F50000DD9F8 /* Release */,
			);
			defaultConfigurationIsVisible = 0;
			defaultConfigurationName = Release;
		};
		1D72C647233E5F50000DD9F8 /* Build configuration list for PBXNativeTarget "Choose your own AdventureUITests" */ = {
			isa = XCConfigurationList;
			buildConfigurations = (
				1D72C648233E5F50000DD9F8 /* Debug */,
				1D72C649233E5F50000DD9F8 /* Release */,
			);
			defaultConfigurationIsVisible = 0;
			defaultConfigurationName = Release;
		};
/* End XCConfigurationList section */

/* Begin XCVersionGroup section */
		1D72C620233E5F4D000DD9F8 /* Choose_your_own_Adventure.xcdatamodeld */ = {
			isa = XCVersionGroup;
			children = (
				1D72C621233E5F4D000DD9F8 /* Choose_your_own_Adventure.xcdatamodel */,
			);
			currentVersion = 1D72C621233E5F4D000DD9F8 /* Choose_your_own_Adventure.xcdatamodel */;
			path = Choose_your_own_Adventure.xcdatamodeld;
			sourceTree = "<group>";
			versionGroupType = wrapper.xcdatamodel;
		};
/* End XCVersionGroup section */
	};
	rootObject = 1D72C60E233E5F4C000DD9F8 /* Project object */;
}
