// !$*UTF8*$!
{
	archiveVersion = 1;
	classes = {
	};
	objectVersion = 50;
	objects = {

/* Begin PBXBuildFile section */
		1D9317FC23AB2C6900D95293 /* AppDelegate.swift in Sources */ = {isa = PBXBuildFile; fileRef = 1D9317FB23AB2C6900D95293 /* AppDelegate.swift */; };
		1D9317FE23AB2C6900D95293 /* SceneDelegate.swift in Sources */ = {isa = PBXBuildFile; fileRef = 1D9317FD23AB2C6900D95293 /* SceneDelegate.swift */; };
		1D93180323AB2C6900D95293 /* Main.storyboard in Resources */ = {isa = PBXBuildFile; fileRef = 1D93180123AB2C6900D95293 /* Main.storyboard */; };
		1D93180623AB2C6900D95293 /* projectAPI.xcdatamodeld in Sources */ = {isa = PBXBuildFile; fileRef = 1D93180423AB2C6900D95293 /* projectAPI.xcdatamodeld */; };
		1D93180823AB2C6E00D95293 /* Assets.xcassets in Resources */ = {isa = PBXBuildFile; fileRef = 1D93180723AB2C6E00D95293 /* Assets.xcassets */; };
		1D93180B23AB2C6E00D95293 /* LaunchScreen.storyboard in Resources */ = {isa = PBXBuildFile; fileRef = 1D93180923AB2C6E00D95293 /* LaunchScreen.storyboard */; };
		1D93181623AB2C6E00D95293 /* projectAPITests.swift in Sources */ = {isa = PBXBuildFile; fileRef = 1D93181523AB2C6E00D95293 /* projectAPITests.swift */; };
		1D93182123AB2C6F00D95293 /* projectAPIUITests.swift in Sources */ = {isa = PBXBuildFile; fileRef = 1D93182023AB2C6F00D95293 /* projectAPIUITests.swift */; };
		1D93182F23AB2E7C00D95293 /* TableViewController.swift in Sources */ = {isa = PBXBuildFile; fileRef = 1D93182E23AB2E7C00D95293 /* TableViewController.swift */; };
		1D93183123AB2EDD00D95293 /* Holiday.swift in Sources */ = {isa = PBXBuildFile; fileRef = 1D93183023AB2EDD00D95293 /* Holiday.swift */; };
		1D93183323AB2F1000D95293 /* getTheHoliday.swift in Sources */ = {isa = PBXBuildFile; fileRef = 1D93183223AB2F1000D95293 /* getTheHoliday.swift */; };
/* End PBXBuildFile section */

/* Begin PBXContainerItemProxy section */
		1D93181223AB2C6E00D95293 /* PBXContainerItemProxy */ = {
			isa = PBXContainerItemProxy;
			containerPortal = 1D9317F023AB2C6900D95293 /* Project object */;
			proxyType = 1;
			remoteGlobalIDString = 1D9317F723AB2C6900D95293;
			remoteInfo = projectAPI;
		};
		1D93181D23AB2C6F00D95293 /* PBXContainerItemProxy */ = {
			isa = PBXContainerItemProxy;
			containerPortal = 1D9317F023AB2C6900D95293 /* Project object */;
			proxyType = 1;
			remoteGlobalIDString = 1D9317F723AB2C6900D95293;
			remoteInfo = projectAPI;
		};
/* End PBXContainerItemProxy section */

/* Begin PBXFileReference section */
		1D9317F823AB2C6900D95293 /* projectAPI.app */ = {isa = PBXFileReference; explicitFileType = wrapper.application; includeInIndex = 0; path = projectAPI.app; sourceTree = BUILT_PRODUCTS_DIR; };
		1D9317FB23AB2C6900D95293 /* AppDelegate.swift */ = {isa = PBXFileReference; lastKnownFileType = sourcecode.swift; path = AppDelegate.swift; sourceTree = "<group>"; };
		1D9317FD23AB2C6900D95293 /* SceneDelegate.swift */ = {isa = PBXFileReference; lastKnownFileType = sourcecode.swift; path = SceneDelegate.swift; sourceTree = "<group>"; };
		1D93180223AB2C6900D95293 /* Base */ = {isa = PBXFileReference; lastKnownFileType = file.storyboard; name = Base; path = Base.lproj/Main.storyboard; sourceTree = "<group>"; };
		1D93180523AB2C6900D95293 /* projectAPI.xcdatamodel */ = {isa = PBXFileReference; lastKnownFileType = wrapper.xcdatamodel; path = projectAPI.xcdatamodel; sourceTree = "<group>"; };
		1D93180723AB2C6E00D95293 /* Assets.xcassets */ = {isa = PBXFileReference; lastKnownFileType = folder.assetcatalog; path = Assets.xcassets; sourceTree = "<group>"; };
		1D93180A23AB2C6E00D95293 /* Base */ = {isa = PBXFileReference; lastKnownFileType = file.storyboard; name = Base; path = Base.lproj/LaunchScreen.storyboard; sourceTree = "<group>"; };
		1D93180C23AB2C6E00D95293 /* Info.plist */ = {isa = PBXFileReference; lastKnownFileType = text.plist.xml; path = Info.plist; sourceTree = "<group>"; };
		1D93181123AB2C6E00D95293 /* projectAPITests.xctest */ = {isa = PBXFileReference; explicitFileType = wrapper.cfbundle; includeInIndex = 0; path = projectAPITests.xctest; sourceTree = BUILT_PRODUCTS_DIR; };
		1D93181523AB2C6E00D95293 /* projectAPITests.swift */ = {isa = PBXFileReference; lastKnownFileType = sourcecode.swift; path = projectAPITests.swift; sourceTree = "<group>"; };
		1D93181723AB2C6E00D95293 /* Info.plist */ = {isa = PBXFileReference; lastKnownFileType = text.plist.xml; path = Info.plist; sourceTree = "<group>"; };
		1D93181C23AB2C6F00D95293 /* projectAPIUITests.xctest */ = {isa = PBXFileReference; explicitFileType = wrapper.cfbundle; includeInIndex = 0; path = projectAPIUITests.xctest; sourceTree = BUILT_PRODUCTS_DIR; };
		1D93182023AB2C6F00D95293 /* projectAPIUITests.swift */ = {isa = PBXFileReference; lastKnownFileType = sourcecode.swift; path = projectAPIUITests.swift; sourceTree = "<group>"; };
		1D93182223AB2C6F00D95293 /* Info.plist */ = {isa = PBXFileReference; lastKnownFileType = text.plist.xml; path = Info.plist; sourceTree = "<group>"; };
		1D93182E23AB2E7C00D95293 /* TableViewController.swift */ = {isa = PBXFileReference; lastKnownFileType = sourcecode.swift; path = TableViewController.swift; sourceTree = "<group>"; };
		1D93183023AB2EDD00D95293 /* Holiday.swift */ = {isa = PBXFileReference; lastKnownFileType = sourcecode.swift; path = Holiday.swift; sourceTree = "<group>"; };
		1D93183223AB2F1000D95293 /* getTheHoliday.swift */ = {isa = PBXFileReference; lastKnownFileType = sourcecode.swift; path = getTheHoliday.swift; sourceTree = "<group>"; };
/* End PBXFileReference section */

/* Begin PBXFrameworksBuildPhase section */
		1D9317F523AB2C6900D95293 /* Frameworks */ = {
			isa = PBXFrameworksBuildPhase;
			buildActionMask = 2147483647;
			files = (
			);
			runOnlyForDeploymentPostprocessing = 0;
		};
		1D93180E23AB2C6E00D95293 /* Frameworks */ = {
			isa = PBXFrameworksBuildPhase;
			buildActionMask = 2147483647;
			files = (
			);
			runOnlyForDeploymentPostprocessing = 0;
		};
		1D93181923AB2C6F00D95293 /* Frameworks */ = {
			isa = PBXFrameworksBuildPhase;
			buildActionMask = 2147483647;
			files = (
			);
			runOnlyForDeploymentPostprocessing = 0;
		};
/* End PBXFrameworksBuildPhase section */

/* Begin PBXGroup section */
		1D9317EF23AB2C6900D95293 = {
			isa = PBXGroup;
			children = (
				1D9317FA23AB2C6900D95293 /* projectAPI */,
				1D93181423AB2C6E00D95293 /* projectAPITests */,
				1D93181F23AB2C6F00D95293 /* projectAPIUITests */,
				1D9317F923AB2C6900D95293 /* Products */,
			);
			sourceTree = "<group>";
		};
		1D9317F923AB2C6900D95293 /* Products */ = {
			isa = PBXGroup;
			children = (
				1D9317F823AB2C6900D95293 /* projectAPI.app */,
				1D93181123AB2C6E00D95293 /* projectAPITests.xctest */,
				1D93181C23AB2C6F00D95293 /* projectAPIUITests.xctest */,
			);
			name = Products;
			sourceTree = "<group>";
		};
		1D9317FA23AB2C6900D95293 /* projectAPI */ = {
			isa = PBXGroup;
			children = (
				1D9317FB23AB2C6900D95293 /* AppDelegate.swift */,
				1D9317FD23AB2C6900D95293 /* SceneDelegate.swift */,
				1D93180123AB2C6900D95293 /* Main.storyboard */,
				1D93182E23AB2E7C00D95293 /* TableViewController.swift */,
				1D93183023AB2EDD00D95293 /* Holiday.swift */,
				1D93183223AB2F1000D95293 /* getTheHoliday.swift */,
				1D93180723AB2C6E00D95293 /* Assets.xcassets */,
				1D93180923AB2C6E00D95293 /* LaunchScreen.storyboard */,
				1D93180C23AB2C6E00D95293 /* Info.plist */,
				1D93180423AB2C6900D95293 /* projectAPI.xcdatamodeld */,
			);
			path = projectAPI;
			sourceTree = "<group>";
		};
		1D93181423AB2C6E00D95293 /* projectAPITests */ = {
			isa = PBXGroup;
			children = (
				1D93181523AB2C6E00D95293 /* projectAPITests.swift */,
				1D93181723AB2C6E00D95293 /* Info.plist */,
			);
			path = projectAPITests;
			sourceTree = "<group>";
		};
		1D93181F23AB2C6F00D95293 /* projectAPIUITests */ = {
			isa = PBXGroup;
			children = (
				1D93182023AB2C6F00D95293 /* projectAPIUITests.swift */,
				1D93182223AB2C6F00D95293 /* Info.plist */,
			);
			path = projectAPIUITests;
			sourceTree = "<group>";
		};
/* End PBXGroup section */

/* Begin PBXNativeTarget section */
		1D9317F723AB2C6900D95293 /* projectAPI */ = {
			isa = PBXNativeTarget;
			buildConfigurationList = 1D93182523AB2C6F00D95293 /* Build configuration list for PBXNativeTarget "projectAPI" */;
			buildPhases = (
				1D9317F423AB2C6900D95293 /* Sources */,
				1D9317F523AB2C6900D95293 /* Frameworks */,
				1D9317F623AB2C6900D95293 /* Resources */,
			);
			buildRules = (
			);
			dependencies = (
			);
			name = projectAPI;
			productName = projectAPI;
			productReference = 1D9317F823AB2C6900D95293 /* projectAPI.app */;
			productType = "com.apple.product-type.application";
		};
		1D93181023AB2C6E00D95293 /* projectAPITests */ = {
			isa = PBXNativeTarget;
			buildConfigurationList = 1D93182823AB2C6F00D95293 /* Build configuration list for PBXNativeTarget "projectAPITests" */;
			buildPhases = (
				1D93180D23AB2C6E00D95293 /* Sources */,
				1D93180E23AB2C6E00D95293 /* Frameworks */,
				1D93180F23AB2C6E00D95293 /* Resources */,
			);
			buildRules = (
			);
			dependencies = (
				1D93181323AB2C6E00D95293 /* PBXTargetDependency */,
			);
			name = projectAPITests;
			productName = projectAPITests;
			productReference = 1D93181123AB2C6E00D95293 /* projectAPITests.xctest */;
			productType = "com.apple.product-type.bundle.unit-test";
		};
		1D93181B23AB2C6F00D95293 /* projectAPIUITests */ = {
			isa = PBXNativeTarget;
			buildConfigurationList = 1D93182B23AB2C6F00D95293 /* Build configuration list for PBXNativeTarget "projectAPIUITests" */;
			buildPhases = (
				1D93181823AB2C6F00D95293 /* Sources */,
				1D93181923AB2C6F00D95293 /* Frameworks */,
				1D93181A23AB2C6F00D95293 /* Resources */,
			);
			buildRules = (
			);
			dependencies = (
				1D93181E23AB2C6F00D95293 /* PBXTargetDependency */,
			);
			name = projectAPIUITests;
			productName = projectAPIUITests;
			productReference = 1D93181C23AB2C6F00D95293 /* projectAPIUITests.xctest */;
			productType = "com.apple.product-type.bundle.ui-testing";
		};
/* End PBXNativeTarget section */

/* Begin PBXProject section */
		1D9317F023AB2C6900D95293 /* Project object */ = {
			isa = PBXProject;
			attributes = {
				LastSwiftUpdateCheck = 1120;
				LastUpgradeCheck = 1120;
				ORGANIZATIONNAME = "Brandon Adiele";
				TargetAttributes = {
					1D9317F723AB2C6900D95293 = {
						CreatedOnToolsVersion = 11.2.1;
					};
					1D93181023AB2C6E00D95293 = {
						CreatedOnToolsVersion = 11.2.1;
						TestTargetID = 1D9317F723AB2C6900D95293;
					};
					1D93181B23AB2C6F00D95293 = {
						CreatedOnToolsVersion = 11.2.1;
						TestTargetID = 1D9317F723AB2C6900D95293;
					};
				};
			};
			buildConfigurationList = 1D9317F323AB2C6900D95293 /* Build configuration list for PBXProject "projectAPI" */;
			compatibilityVersion = "Xcode 9.3";
			developmentRegion = en;
			hasScannedForEncodings = 0;
			knownRegions = (
				en,
				Base,
			);
			mainGroup = 1D9317EF23AB2C6900D95293;
			productRefGroup = 1D9317F923AB2C6900D95293 /* Products */;
			projectDirPath = "";
			projectRoot = "";
			targets = (
				1D9317F723AB2C6900D95293 /* projectAPI */,
				1D93181023AB2C6E00D95293 /* projectAPITests */,
				1D93181B23AB2C6F00D95293 /* projectAPIUITests */,
			);
		};
/* End PBXProject section */

/* Begin PBXResourcesBuildPhase section */
		1D9317F623AB2C6900D95293 /* Resources */ = {
			isa = PBXResourcesBuildPhase;
			buildActionMask = 2147483647;
			files = (
				1D93180B23AB2C6E00D95293 /* LaunchScreen.storyboard in Resources */,
				1D93180823AB2C6E00D95293 /* Assets.xcassets in Resources */,
				1D93180323AB2C6900D95293 /* Main.storyboard in Resources */,
			);
			runOnlyForDeploymentPostprocessing = 0;
		};
		1D93180F23AB2C6E00D95293 /* Resources */ = {
			isa = PBXResourcesBuildPhase;
			buildActionMask = 2147483647;
			files = (
			);
			runOnlyForDeploymentPostprocessing = 0;
		};
		1D93181A23AB2C6F00D95293 /* Resources */ = {
			isa = PBXResourcesBuildPhase;
			buildActionMask = 2147483647;
			files = (
			);
			runOnlyForDeploymentPostprocessing = 0;
		};
/* End PBXResourcesBuildPhase section */

/* Begin PBXSourcesBuildPhase section */
		1D9317F423AB2C6900D95293 /* Sources */ = {
			isa = PBXSourcesBuildPhase;
			buildActionMask = 2147483647;
			files = (
				1D93180623AB2C6900D95293 /* projectAPI.xcdatamodeld in Sources */,
				1D93183323AB2F1000D95293 /* getTheHoliday.swift in Sources */,
				1D93183123AB2EDD00D95293 /* Holiday.swift in Sources */,
				1D9317FC23AB2C6900D95293 /* AppDelegate.swift in Sources */,
				1D9317FE23AB2C6900D95293 /* SceneDelegate.swift in Sources */,
				1D93182F23AB2E7C00D95293 /* TableViewController.swift in Sources */,
			);
			runOnlyForDeploymentPostprocessing = 0;
		};
		1D93180D23AB2C6E00D95293 /* Sources */ = {
			isa = PBXSourcesBuildPhase;
			buildActionMask = 2147483647;
			files = (
				1D93181623AB2C6E00D95293 /* projectAPITests.swift in Sources */,
			);
			runOnlyForDeploymentPostprocessing = 0;
		};
		1D93181823AB2C6F00D95293 /* Sources */ = {
			isa = PBXSourcesBuildPhase;
			buildActionMask = 2147483647;
			files = (
				1D93182123AB2C6F00D95293 /* projectAPIUITests.swift in Sources */,
			);
			runOnlyForDeploymentPostprocessing = 0;
		};
/* End PBXSourcesBuildPhase section */

/* Begin PBXTargetDependency section */
		1D93181323AB2C6E00D95293 /* PBXTargetDependency */ = {
			isa = PBXTargetDependency;
			target = 1D9317F723AB2C6900D95293 /* projectAPI */;
			targetProxy = 1D93181223AB2C6E00D95293 /* PBXContainerItemProxy */;
		};
		1D93181E23AB2C6F00D95293 /* PBXTargetDependency */ = {
			isa = PBXTargetDependency;
			target = 1D9317F723AB2C6900D95293 /* projectAPI */;
			targetProxy = 1D93181D23AB2C6F00D95293 /* PBXContainerItemProxy */;
		};
/* End PBXTargetDependency section */

/* Begin PBXVariantGroup section */
		1D93180123AB2C6900D95293 /* Main.storyboard */ = {
			isa = PBXVariantGroup;
			children = (
				1D93180223AB2C6900D95293 /* Base */,
			);
			name = Main.storyboard;
			sourceTree = "<group>";
		};
		1D93180923AB2C6E00D95293 /* LaunchScreen.storyboard */ = {
			isa = PBXVariantGroup;
			children = (
				1D93180A23AB2C6E00D95293 /* Base */,
			);
			name = LaunchScreen.storyboard;
			sourceTree = "<group>";
		};
/* End PBXVariantGroup section */

/* Begin XCBuildConfiguration section */
		1D93182323AB2C6F00D95293 /* Debug */ = {
			isa = XCBuildConfiguration;
			buildSettings = {
				ALWAYS_SEARCH_USER_PATHS = NO;
				CLANG_ANALYZER_NONNULL = YES;
				CLANG_ANALYZER_NUMBER_OBJECT_CONVERSION = YES_AGGRESSIVE;
				CLANG_CXX_LANGUAGE_STANDARD = "gnu++14";
				CLANG_CXX_LIBRARY = "libc++";
				CLANG_ENABLE_MODULES = YES;
				CLANG_ENABLE_OBJC_ARC = YES;
				CLANG_ENABLE_OBJC_WEAK = YES;
				CLANG_WARN_BLOCK_CAPTURE_AUTORELEASING = YES;
				CLANG_WARN_BOOL_CONVERSION = YES;
				CLANG_WARN_COMMA = YES;
				CLANG_WARN_CONSTANT_CONVERSION = YES;
				CLANG_WARN_DEPRECATED_OBJC_IMPLEMENTATIONS = YES;
				CLANG_WARN_DIRECT_OBJC_ISA_USAGE = YES_ERROR;
				CLANG_WARN_DOCUMENTATION_COMMENTS = YES;
				CLANG_WARN_EMPTY_BODY = YES;
				CLANG_WARN_ENUM_CONVERSION = YES;
				CLANG_WARN_INFINITE_RECURSION = YES;
				CLANG_WARN_INT_CONVERSION = YES;
				CLANG_WARN_NON_LITERAL_NULL_CONVERSION = YES;
				CLANG_WARN_OBJC_IMPLICIT_RETAIN_SELF = YES;
				CLANG_WARN_OBJC_LITERAL_CONVERSION = YES;
				CLANG_WARN_OBJC_ROOT_CLASS = YES_ERROR;
				CLANG_WARN_RANGE_LOOP_ANALYSIS = YES;
				CLANG_WARN_STRICT_PROTOTYPES = YES;
				CLANG_WARN_SUSPICIOUS_MOVE = YES;
				CLANG_WARN_UNGUARDED_AVAILABILITY = YES_AGGRESSIVE;
				CLANG_WARN_UNREACHABLE_CODE = YES;
				CLANG_WARN__DUPLICATE_METHOD_MATCH = YES;
				COPY_PHASE_STRIP = NO;
				DEBUG_INFORMATION_FORMAT = dwarf;
				ENABLE_STRICT_OBJC_MSGSEND = YES;
				ENABLE_TESTABILITY = YES;
				GCC_C_LANGUAGE_STANDARD = gnu11;
				GCC_DYNAMIC_NO_PIC = NO;
				GCC_NO_COMMON_BLOCKS = YES;
				GCC_OPTIMIZATION_LEVEL = 0;
				GCC_PREPROCESSOR_DEFINITIONS = (
					"DEBUG=1",
					"$(inherited)",
				);
				GCC_WARN_64_TO_32_BIT_CONVERSION = YES;
				GCC_WARN_ABOUT_RETURN_TYPE = YES_ERROR;
				GCC_WARN_UNDECLARED_SELECTOR = YES;
				GCC_WARN_UNINITIALIZED_AUTOS = YES_AGGRESSIVE;
				GCC_WARN_UNUSED_FUNCTION = YES;
				GCC_WARN_UNUSED_VARIABLE = YES;
				IPHONEOS_DEPLOYMENT_TARGET = 13.2;
				MTL_ENABLE_DEBUG_INFO = INCLUDE_SOURCE;
				MTL_FAST_MATH = YES;
				ONLY_ACTIVE_ARCH = YES;
				SDKROOT = iphoneos;
				SWIFT_ACTIVE_COMPILATION_CONDITIONS = DEBUG;
				SWIFT_OPTIMIZATION_LEVEL = "-Onone";
			};
			name = Debug;
		};
		1D93182423AB2C6F00D95293 /* Release */ = {
			isa = XCBuildConfiguration;
			buildSettings = {
				ALWAYS_SEARCH_USER_PATHS = NO;
				CLANG_ANALYZER_NONNULL = YES;
				CLANG_ANALYZER_NUMBER_OBJECT_CONVERSION = YES_AGGRESSIVE;
				CLANG_CXX_LANGUAGE_STANDARD = "gnu++14";
				CLANG_CXX_LIBRARY = "libc++";
				CLANG_ENABLE_MODULES = YES;
				CLANG_ENABLE_OBJC_ARC = YES;
				CLANG_ENABLE_OBJC_WEAK = YES;
				CLANG_WARN_BLOCK_CAPTURE_AUTORELEASING = YES;
				CLANG_WARN_BOOL_CONVERSION = YES;
				CLANG_WARN_COMMA = YES;
				CLANG_WARN_CONSTANT_CONVERSION = YES;
				CLANG_WARN_DEPRECATED_OBJC_IMPLEMENTATIONS = YES;
				CLANG_WARN_DIRECT_OBJC_ISA_USAGE = YES_ERROR;
				CLANG_WARN_DOCUMENTATION_COMMENTS = YES;
				CLANG_WARN_EMPTY_BODY = YES;
				CLANG_WARN_ENUM_CONVERSION = YES;
				CLANG_WARN_INFINITE_RECURSION = YES;
				CLANG_WARN_INT_CONVERSION = YES;
				CLANG_WARN_NON_LITERAL_NULL_CONVERSION = YES;
				CLANG_WARN_OBJC_IMPLICIT_RETAIN_SELF = YES;
				CLANG_WARN_OBJC_LITERAL_CONVERSION = YES;
				CLANG_WARN_OBJC_ROOT_CLASS = YES_ERROR;
				CLANG_WARN_RANGE_LOOP_ANALYSIS = YES;
				CLANG_WARN_STRICT_PROTOTYPES = YES;
				CLANG_WARN_SUSPICIOUS_MOVE = YES;
				CLANG_WARN_UNGUARDED_AVAILABILITY = YES_AGGRESSIVE;
				CLANG_WARN_UNREACHABLE_CODE = YES;
				CLANG_WARN__DUPLICATE_METHOD_MATCH = YES;
				COPY_PHASE_STRIP = NO;
				DEBUG_INFORMATION_FORMAT = "dwarf-with-dsym";
				ENABLE_NS_ASSERTIONS = NO;
				ENABLE_STRICT_OBJC_MSGSEND = YES;
				GCC_C_LANGUAGE_STANDARD = gnu11;
				GCC_NO_COMMON_BLOCKS = YES;
				GCC_WARN_64_TO_32_BIT_CONVERSION = YES;
				GCC_WARN_ABOUT_RETURN_TYPE = YES_ERROR;
				GCC_WARN_UNDECLARED_SELECTOR = YES;
				GCC_WARN_UNINITIALIZED_AUTOS = YES_AGGRESSIVE;
				GCC_WARN_UNUSED_FUNCTION = YES;
				GCC_WARN_UNUSED_VARIABLE = YES;
				IPHONEOS_DEPLOYMENT_TARGET = 13.2;
				MTL_ENABLE_DEBUG_INFO = NO;
				MTL_FAST_MATH = YES;
				SDKROOT = iphoneos;
				SWIFT_COMPILATION_MODE = wholemodule;
				SWIFT_OPTIMIZATION_LEVEL = "-O";
				VALIDATE_PRODUCT = YES;
			};
			name = Release;
		};
		1D93182623AB2C6F00D95293 /* Debug */ = {
			isa = XCBuildConfiguration;
			buildSettings = {
				ASSETCATALOG_COMPILER_APPICON_NAME = AppIcon;
				CODE_SIGN_STYLE = Automatic;
				INFOPLIST_FILE = projectAPI/Info.plist;
				LD_RUNPATH_SEARCH_PATHS = (
					"$(inherited)",
					"@executable_path/Frameworks",
				);
				PRODUCT_BUNDLE_IDENTIFIER = com.brandonadiele.projectAPI;
				PRODUCT_NAME = "$(TARGET_NAME)";
				SWIFT_VERSION = 5.0;
				TARGETED_DEVICE_FAMILY = "1,2";
			};
			name = Debug;
		};
		1D93182723AB2C6F00D95293 /* Release */ = {
			isa = XCBuildConfiguration;
			buildSettings = {
				ASSETCATALOG_COMPILER_APPICON_NAME = AppIcon;
				CODE_SIGN_STYLE = Automatic;
				INFOPLIST_FILE = projectAPI/Info.plist;
				LD_RUNPATH_SEARCH_PATHS = (
					"$(inherited)",
					"@executable_path/Frameworks",
				);
				PRODUCT_BUNDLE_IDENTIFIER = com.brandonadiele.projectAPI;
				PRODUCT_NAME = "$(TARGET_NAME)";
				SWIFT_VERSION = 5.0;
				TARGETED_DEVICE_FAMILY = "1,2";
			};
			name = Release;
		};
		1D93182923AB2C6F00D95293 /* Debug */ = {
			isa = XCBuildConfiguration;
			buildSettings = {
				ALWAYS_EMBED_SWIFT_STANDARD_LIBRARIES = YES;
				BUNDLE_LOADER = "$(TEST_HOST)";
				CODE_SIGN_STYLE = Automatic;
				INFOPLIST_FILE = projectAPITests/Info.plist;
				IPHONEOS_DEPLOYMENT_TARGET = 13.2;
				LD_RUNPATH_SEARCH_PATHS = (
					"$(inherited)",
					"@executable_path/Frameworks",
					"@loader_path/Frameworks",
				);
				PRODUCT_BUNDLE_IDENTIFIER = com.brandonadiele.projectAPITests;
				PRODUCT_NAME = "$(TARGET_NAME)";
				SWIFT_VERSION = 5.0;
				TARGETED_DEVICE_FAMILY = "1,2";
				TEST_HOST = "$(BUILT_PRODUCTS_DIR)/projectAPI.app/projectAPI";
			};
			name = Debug;
		};
		1D93182A23AB2C6F00D95293 /* Release */ = {
			isa = XCBuildConfiguration;
			buildSettings = {
				ALWAYS_EMBED_SWIFT_STANDARD_LIBRARIES = YES;
				BUNDLE_LOADER = "$(TEST_HOST)";
				CODE_SIGN_STYLE = Automatic;
				INFOPLIST_FILE = projectAPITests/Info.plist;
				IPHONEOS_DEPLOYMENT_TARGET = 13.2;
				LD_RUNPATH_SEARCH_PATHS = (
					"$(inherited)",
					"@executable_path/Frameworks",
					"@loader_path/Frameworks",
				);
				PRODUCT_BUNDLE_IDENTIFIER = com.brandonadiele.projectAPITests;
				PRODUCT_NAME = "$(TARGET_NAME)";
				SWIFT_VERSION = 5.0;
				TARGETED_DEVICE_FAMILY = "1,2";
				TEST_HOST = "$(BUILT_PRODUCTS_DIR)/projectAPI.app/projectAPI";
			};
			name = Release;
		};
		1D93182C23AB2C6F00D95293 /* Debug */ = {
			isa = XCBuildConfiguration;
			buildSettings = {
				ALWAYS_EMBED_SWIFT_STANDARD_LIBRARIES = YES;
				CODE_SIGN_STYLE = Automatic;
				INFOPLIST_FILE = projectAPIUITests/Info.plist;
				LD_RUNPATH_SEARCH_PATHS = (
					"$(inherited)",
					"@executable_path/Frameworks",
					"@loader_path/Frameworks",
				);
				PRODUCT_BUNDLE_IDENTIFIER = com.brandonadiele.projectAPIUITests;
				PRODUCT_NAME = "$(TARGET_NAME)";
				SWIFT_VERSION = 5.0;
				TARGETED_DEVICE_FAMILY = "1,2";
				TEST_TARGET_NAME = projectAPI;
			};
			name = Debug;
		};
		1D93182D23AB2C6F00D95293 /* Release */ = {
			isa = XCBuildConfiguration;
			buildSettings = {
				ALWAYS_EMBED_SWIFT_STANDARD_LIBRARIES = YES;
				CODE_SIGN_STYLE = Automatic;
				INFOPLIST_FILE = projectAPIUITests/Info.plist;
				LD_RUNPATH_SEARCH_PATHS = (
					"$(inherited)",
					"@executable_path/Frameworks",
					"@loader_path/Frameworks",
				);
				PRODUCT_BUNDLE_IDENTIFIER = com.brandonadiele.projectAPIUITests;
				PRODUCT_NAME = "$(TARGET_NAME)";
				SWIFT_VERSION = 5.0;
				TARGETED_DEVICE_FAMILY = "1,2";
				TEST_TARGET_NAME = projectAPI;
			};
			name = Release;
		};
/* End XCBuildConfiguration section */

/* Begin XCConfigurationList section */
		1D9317F323AB2C6900D95293 /* Build configuration list for PBXProject "projectAPI" */ = {
			isa = XCConfigurationList;
			buildConfigurations = (
				1D93182323AB2C6F00D95293 /* Debug */,
				1D93182423AB2C6F00D95293 /* Release */,
			);
			defaultConfigurationIsVisible = 0;
			defaultConfigurationName = Release;
		};
		1D93182523AB2C6F00D95293 /* Build configuration list for PBXNativeTarget "projectAPI" */ = {
			isa = XCConfigurationList;
			buildConfigurations = (
				1D93182623AB2C6F00D95293 /* Debug */,
				1D93182723AB2C6F00D95293 /* Release */,
			);
			defaultConfigurationIsVisible = 0;
			defaultConfigurationName = Release;
		};
		1D93182823AB2C6F00D95293 /* Build configuration list for PBXNativeTarget "projectAPITests" */ = {
			isa = XCConfigurationList;
			buildConfigurations = (
				1D93182923AB2C6F00D95293 /* Debug */,
				1D93182A23AB2C6F00D95293 /* Release */,
			);
			defaultConfigurationIsVisible = 0;
			defaultConfigurationName = Release;
		};
		1D93182B23AB2C6F00D95293 /* Build configuration list for PBXNativeTarget "projectAPIUITests" */ = {
			isa = XCConfigurationList;
			buildConfigurations = (
				1D93182C23AB2C6F00D95293 /* Debug */,
				1D93182D23AB2C6F00D95293 /* Release */,
			);
			defaultConfigurationIsVisible = 0;
			defaultConfigurationName = Release;
		};
/* End XCConfigurationList section */

/* Begin XCVersionGroup section */
		1D93180423AB2C6900D95293 /* projectAPI.xcdatamodeld */ = {
			isa = XCVersionGroup;
			children = (
				1D93180523AB2C6900D95293 /* projectAPI.xcdatamodel */,
			);
			currentVersion = 1D93180523AB2C6900D95293 /* projectAPI.xcdatamodel */;
			path = projectAPI.xcdatamodeld;
			sourceTree = "<group>";
			versionGroupType = wrapper.xcdatamodel;
		};
/* End XCVersionGroup section */
	};
	rootObject = 1D9317F023AB2C6900D95293 /* Project object */;
}
