// !$*UTF8*$!
{
	archiveVersion = 1;
	classes = {
	};
	objectVersion = 50;
	objects = {

/* Begin PBXBuildFile section */
		1D4F5F6723D6910200DFD39A /* AppDelegate.swift in Sources */ = {isa = PBXBuildFile; fileRef = 1D4F5F6623D6910200DFD39A /* AppDelegate.swift */; };
		1D4F5F6923D6910200DFD39A /* SceneDelegate.swift in Sources */ = {isa = PBXBuildFile; fileRef = 1D4F5F6823D6910200DFD39A /* SceneDelegate.swift */; };
		1D4F5F6B23D6910200DFD39A /* ViewController.swift in Sources */ = {isa = PBXBuildFile; fileRef = 1D4F5F6A23D6910200DFD39A /* ViewController.swift */; };
		1D4F5F6E23D6910200DFD39A /* Main.storyboard in Resources */ = {isa = PBXBuildFile; fileRef = 1D4F5F6C23D6910200DFD39A /* Main.storyboard */; };
		1D4F5F7123D6910200DFD39A /* JSONWritingProject.xcdatamodeld in Sources */ = {isa = PBXBuildFile; fileRef = 1D4F5F6F23D6910200DFD39A /* JSONWritingProject.xcdatamodeld */; };
		1D4F5F7323D6910700DFD39A /* Assets.xcassets in Resources */ = {isa = PBXBuildFile; fileRef = 1D4F5F7223D6910700DFD39A /* Assets.xcassets */; };
		1D4F5F7623D6910700DFD39A /* LaunchScreen.storyboard in Resources */ = {isa = PBXBuildFile; fileRef = 1D4F5F7423D6910700DFD39A /* LaunchScreen.storyboard */; };
		1D4F5F8123D6910800DFD39A /* JSONWritingProjectTests.swift in Sources */ = {isa = PBXBuildFile; fileRef = 1D4F5F8023D6910800DFD39A /* JSONWritingProjectTests.swift */; };
		1D4F5F8C23D6910800DFD39A /* JSONWritingProjectUITests.swift in Sources */ = {isa = PBXBuildFile; fileRef = 1D4F5F8B23D6910800DFD39A /* JSONWritingProjectUITests.swift */; };
		1D4F5F9A23D6957F00DFD39A /* TableViewController.swift in Sources */ = {isa = PBXBuildFile; fileRef = 1D4F5F9923D6957F00DFD39A /* TableViewController.swift */; };
/* End PBXBuildFile section */

/* Begin PBXContainerItemProxy section */
		1D4F5F7D23D6910800DFD39A /* PBXContainerItemProxy */ = {
			isa = PBXContainerItemProxy;
			containerPortal = 1D4F5F5B23D6910200DFD39A /* Project object */;
			proxyType = 1;
			remoteGlobalIDString = 1D4F5F6223D6910200DFD39A;
			remoteInfo = JSONWritingProject;
		};
		1D4F5F8823D6910800DFD39A /* PBXContainerItemProxy */ = {
			isa = PBXContainerItemProxy;
			containerPortal = 1D4F5F5B23D6910200DFD39A /* Project object */;
			proxyType = 1;
			remoteGlobalIDString = 1D4F5F6223D6910200DFD39A;
			remoteInfo = JSONWritingProject;
		};
/* End PBXContainerItemProxy section */

/* Begin PBXFileReference section */
		1D4F5F6323D6910200DFD39A /* JSONWritingProject.app */ = {isa = PBXFileReference; explicitFileType = wrapper.application; includeInIndex = 0; path = JSONWritingProject.app; sourceTree = BUILT_PRODUCTS_DIR; };
		1D4F5F6623D6910200DFD39A /* AppDelegate.swift */ = {isa = PBXFileReference; lastKnownFileType = sourcecode.swift; path = AppDelegate.swift; sourceTree = "<group>"; };
		1D4F5F6823D6910200DFD39A /* SceneDelegate.swift */ = {isa = PBXFileReference; lastKnownFileType = sourcecode.swift; path = SceneDelegate.swift; sourceTree = "<group>"; };
		1D4F5F6A23D6910200DFD39A /* ViewController.swift */ = {isa = PBXFileReference; lastKnownFileType = sourcecode.swift; path = ViewController.swift; sourceTree = "<group>"; };
		1D4F5F6D23D6910200DFD39A /* Base */ = {isa = PBXFileReference; lastKnownFileType = file.storyboard; name = Base; path = Base.lproj/Main.storyboard; sourceTree = "<group>"; };
		1D4F5F7023D6910200DFD39A /* JSONWritingProject.xcdatamodel */ = {isa = PBXFileReference; lastKnownFileType = wrapper.xcdatamodel; path = JSONWritingProject.xcdatamodel; sourceTree = "<group>"; };
		1D4F5F7223D6910700DFD39A /* Assets.xcassets */ = {isa = PBXFileReference; lastKnownFileType = folder.assetcatalog; path = Assets.xcassets; sourceTree = "<group>"; };
		1D4F5F7523D6910700DFD39A /* Base */ = {isa = PBXFileReference; lastKnownFileType = file.storyboard; name = Base; path = Base.lproj/LaunchScreen.storyboard; sourceTree = "<group>"; };
		1D4F5F7723D6910700DFD39A /* Info.plist */ = {isa = PBXFileReference; lastKnownFileType = text.plist.xml; path = Info.plist; sourceTree = "<group>"; };
		1D4F5F7C23D6910800DFD39A /* JSONWritingProjectTests.xctest */ = {isa = PBXFileReference; explicitFileType = wrapper.cfbundle; includeInIndex = 0; path = JSONWritingProjectTests.xctest; sourceTree = BUILT_PRODUCTS_DIR; };
		1D4F5F8023D6910800DFD39A /* JSONWritingProjectTests.swift */ = {isa = PBXFileReference; lastKnownFileType = sourcecode.swift; path = JSONWritingProjectTests.swift; sourceTree = "<group>"; };
		1D4F5F8223D6910800DFD39A /* Info.plist */ = {isa = PBXFileReference; lastKnownFileType = text.plist.xml; path = Info.plist; sourceTree = "<group>"; };
		1D4F5F8723D6910800DFD39A /* JSONWritingProjectUITests.xctest */ = {isa = PBXFileReference; explicitFileType = wrapper.cfbundle; includeInIndex = 0; path = JSONWritingProjectUITests.xctest; sourceTree = BUILT_PRODUCTS_DIR; };
		1D4F5F8B23D6910800DFD39A /* JSONWritingProjectUITests.swift */ = {isa = PBXFileReference; lastKnownFileType = sourcecode.swift; path = JSONWritingProjectUITests.swift; sourceTree = "<group>"; };
		1D4F5F8D23D6910800DFD39A /* Info.plist */ = {isa = PBXFileReference; lastKnownFileType = text.plist.xml; path = Info.plist; sourceTree = "<group>"; };
		1D4F5F9923D6957F00DFD39A /* TableViewController.swift */ = {isa = PBXFileReference; lastKnownFileType = sourcecode.swift; path = TableViewController.swift; sourceTree = "<group>"; };
/* End PBXFileReference section */

/* Begin PBXFrameworksBuildPhase section */
		1D4F5F6023D6910200DFD39A /* Frameworks */ = {
			isa = PBXFrameworksBuildPhase;
			buildActionMask = 2147483647;
			files = (
			);
			runOnlyForDeploymentPostprocessing = 0;
		};
		1D4F5F7923D6910800DFD39A /* Frameworks */ = {
			isa = PBXFrameworksBuildPhase;
			buildActionMask = 2147483647;
			files = (
			);
			runOnlyForDeploymentPostprocessing = 0;
		};
		1D4F5F8423D6910800DFD39A /* Frameworks */ = {
			isa = PBXFrameworksBuildPhase;
			buildActionMask = 2147483647;
			files = (
			);
			runOnlyForDeploymentPostprocessing = 0;
		};
/* End PBXFrameworksBuildPhase section */

/* Begin PBXGroup section */
		1D4F5F5A23D6910200DFD39A = {
			isa = PBXGroup;
			children = (
				1D4F5F6523D6910200DFD39A /* JSONWritingProject */,
				1D4F5F7F23D6910800DFD39A /* JSONWritingProjectTests */,
				1D4F5F8A23D6910800DFD39A /* JSONWritingProjectUITests */,
				1D4F5F6423D6910200DFD39A /* Products */,
			);
			sourceTree = "<group>";
		};
		1D4F5F6423D6910200DFD39A /* Products */ = {
			isa = PBXGroup;
			children = (
				1D4F5F6323D6910200DFD39A /* JSONWritingProject.app */,
				1D4F5F7C23D6910800DFD39A /* JSONWritingProjectTests.xctest */,
				1D4F5F8723D6910800DFD39A /* JSONWritingProjectUITests.xctest */,
			);
			name = Products;
			sourceTree = "<group>";
		};
		1D4F5F6523D6910200DFD39A /* JSONWritingProject */ = {
			isa = PBXGroup;
			children = (
				1D4F5F6623D6910200DFD39A /* AppDelegate.swift */,
				1D4F5F6823D6910200DFD39A /* SceneDelegate.swift */,
				1D4F5F6A23D6910200DFD39A /* ViewController.swift */,
				1D4F5F6C23D6910200DFD39A /* Main.storyboard */,
				1D4F5F9923D6957F00DFD39A /* TableViewController.swift */,
				1D4F5F7223D6910700DFD39A /* Assets.xcassets */,
				1D4F5F7423D6910700DFD39A /* LaunchScreen.storyboard */,
				1D4F5F7723D6910700DFD39A /* Info.plist */,
				1D4F5F6F23D6910200DFD39A /* JSONWritingProject.xcdatamodeld */,
			);
			path = JSONWritingProject;
			sourceTree = "<group>";
		};
		1D4F5F7F23D6910800DFD39A /* JSONWritingProjectTests */ = {
			isa = PBXGroup;
			children = (
				1D4F5F8023D6910800DFD39A /* JSONWritingProjectTests.swift */,
				1D4F5F8223D6910800DFD39A /* Info.plist */,
			);
			path = JSONWritingProjectTests;
			sourceTree = "<group>";
		};
		1D4F5F8A23D6910800DFD39A /* JSONWritingProjectUITests */ = {
			isa = PBXGroup;
			children = (
				1D4F5F8B23D6910800DFD39A /* JSONWritingProjectUITests.swift */,
				1D4F5F8D23D6910800DFD39A /* Info.plist */,
			);
			path = JSONWritingProjectUITests;
			sourceTree = "<group>";
		};
/* End PBXGroup section */

/* Begin PBXNativeTarget section */
		1D4F5F6223D6910200DFD39A /* JSONWritingProject */ = {
			isa = PBXNativeTarget;
			buildConfigurationList = 1D4F5F9023D6910800DFD39A /* Build configuration list for PBXNativeTarget "JSONWritingProject" */;
			buildPhases = (
				1D4F5F5F23D6910200DFD39A /* Sources */,
				1D4F5F6023D6910200DFD39A /* Frameworks */,
				1D4F5F6123D6910200DFD39A /* Resources */,
			);
			buildRules = (
			);
			dependencies = (
			);
			name = JSONWritingProject;
			productName = JSONWritingProject;
			productReference = 1D4F5F6323D6910200DFD39A /* JSONWritingProject.app */;
			productType = "com.apple.product-type.application";
		};
		1D4F5F7B23D6910800DFD39A /* JSONWritingProjectTests */ = {
			isa = PBXNativeTarget;
			buildConfigurationList = 1D4F5F9323D6910800DFD39A /* Build configuration list for PBXNativeTarget "JSONWritingProjectTests" */;
			buildPhases = (
				1D4F5F7823D6910800DFD39A /* Sources */,
				1D4F5F7923D6910800DFD39A /* Frameworks */,
				1D4F5F7A23D6910800DFD39A /* Resources */,
			);
			buildRules = (
			);
			dependencies = (
				1D4F5F7E23D6910800DFD39A /* PBXTargetDependency */,
			);
			name = JSONWritingProjectTests;
			productName = JSONWritingProjectTests;
			productReference = 1D4F5F7C23D6910800DFD39A /* JSONWritingProjectTests.xctest */;
			productType = "com.apple.product-type.bundle.unit-test";
		};
		1D4F5F8623D6910800DFD39A /* JSONWritingProjectUITests */ = {
			isa = PBXNativeTarget;
			buildConfigurationList = 1D4F5F9623D6910800DFD39A /* Build configuration list for PBXNativeTarget "JSONWritingProjectUITests" */;
			buildPhases = (
				1D4F5F8323D6910800DFD39A /* Sources */,
				1D4F5F8423D6910800DFD39A /* Frameworks */,
				1D4F5F8523D6910800DFD39A /* Resources */,
			);
			buildRules = (
			);
			dependencies = (
				1D4F5F8923D6910800DFD39A /* PBXTargetDependency */,
			);
			name = JSONWritingProjectUITests;
			productName = JSONWritingProjectUITests;
			productReference = 1D4F5F8723D6910800DFD39A /* JSONWritingProjectUITests.xctest */;
			productType = "com.apple.product-type.bundle.ui-testing";
		};
/* End PBXNativeTarget section */

/* Begin PBXProject section */
		1D4F5F5B23D6910200DFD39A /* Project object */ = {
			isa = PBXProject;
			attributes = {
				LastSwiftUpdateCheck = 1130;
				LastUpgradeCheck = 1130;
				ORGANIZATIONNAME = "Brandon Adiele";
				TargetAttributes = {
					1D4F5F6223D6910200DFD39A = {
						CreatedOnToolsVersion = 11.3;
					};
					1D4F5F7B23D6910800DFD39A = {
						CreatedOnToolsVersion = 11.3;
						TestTargetID = 1D4F5F6223D6910200DFD39A;
					};
					1D4F5F8623D6910800DFD39A = {
						CreatedOnToolsVersion = 11.3;
						TestTargetID = 1D4F5F6223D6910200DFD39A;
					};
				};
			};
			buildConfigurationList = 1D4F5F5E23D6910200DFD39A /* Build configuration list for PBXProject "JSONWritingProject" */;
			compatibilityVersion = "Xcode 9.3";
			developmentRegion = en;
			hasScannedForEncodings = 0;
			knownRegions = (
				en,
				Base,
			);
			mainGroup = 1D4F5F5A23D6910200DFD39A;
			productRefGroup = 1D4F5F6423D6910200DFD39A /* Products */;
			projectDirPath = "";
			projectRoot = "";
			targets = (
				1D4F5F6223D6910200DFD39A /* JSONWritingProject */,
				1D4F5F7B23D6910800DFD39A /* JSONWritingProjectTests */,
				1D4F5F8623D6910800DFD39A /* JSONWritingProjectUITests */,
			);
		};
/* End PBXProject section */

/* Begin PBXResourcesBuildPhase section */
		1D4F5F6123D6910200DFD39A /* Resources */ = {
			isa = PBXResourcesBuildPhase;
			buildActionMask = 2147483647;
			files = (
				1D4F5F7623D6910700DFD39A /* LaunchScreen.storyboard in Resources */,
				1D4F5F7323D6910700DFD39A /* Assets.xcassets in Resources */,
				1D4F5F6E23D6910200DFD39A /* Main.storyboard in Resources */,
			);
			runOnlyForDeploymentPostprocessing = 0;
		};
		1D4F5F7A23D6910800DFD39A /* Resources */ = {
			isa = PBXResourcesBuildPhase;
			buildActionMask = 2147483647;
			files = (
			);
			runOnlyForDeploymentPostprocessing = 0;
		};
		1D4F5F8523D6910800DFD39A /* Resources */ = {
			isa = PBXResourcesBuildPhase;
			buildActionMask = 2147483647;
			files = (
			);
			runOnlyForDeploymentPostprocessing = 0;
		};
/* End PBXResourcesBuildPhase section */

/* Begin PBXSourcesBuildPhase section */
		1D4F5F5F23D6910200DFD39A /* Sources */ = {
			isa = PBXSourcesBuildPhase;
			buildActionMask = 2147483647;
			files = (
				1D4F5F7123D6910200DFD39A /* JSONWritingProject.xcdatamodeld in Sources */,
				1D4F5F6B23D6910200DFD39A /* ViewController.swift in Sources */,
				1D4F5F6723D6910200DFD39A /* AppDelegate.swift in Sources */,
				1D4F5F9A23D6957F00DFD39A /* TableViewController.swift in Sources */,
				1D4F5F6923D6910200DFD39A /* SceneDelegate.swift in Sources */,
			);
			runOnlyForDeploymentPostprocessing = 0;
		};
		1D4F5F7823D6910800DFD39A /* Sources */ = {
			isa = PBXSourcesBuildPhase;
			buildActionMask = 2147483647;
			files = (
				1D4F5F8123D6910800DFD39A /* JSONWritingProjectTests.swift in Sources */,
			);
			runOnlyForDeploymentPostprocessing = 0;
		};
		1D4F5F8323D6910800DFD39A /* Sources */ = {
			isa = PBXSourcesBuildPhase;
			buildActionMask = 2147483647;
			files = (
				1D4F5F8C23D6910800DFD39A /* JSONWritingProjectUITests.swift in Sources */,
			);
			runOnlyForDeploymentPostprocessing = 0;
		};
/* End PBXSourcesBuildPhase section */

/* Begin PBXTargetDependency section */
		1D4F5F7E23D6910800DFD39A /* PBXTargetDependency */ = {
			isa = PBXTargetDependency;
			target = 1D4F5F6223D6910200DFD39A /* JSONWritingProject */;
			targetProxy = 1D4F5F7D23D6910800DFD39A /* PBXContainerItemProxy */;
		};
		1D4F5F8923D6910800DFD39A /* PBXTargetDependency */ = {
			isa = PBXTargetDependency;
			target = 1D4F5F6223D6910200DFD39A /* JSONWritingProject */;
			targetProxy = 1D4F5F8823D6910800DFD39A /* PBXContainerItemProxy */;
		};
/* End PBXTargetDependency section */

/* Begin PBXVariantGroup section */
		1D4F5F6C23D6910200DFD39A /* Main.storyboard */ = {
			isa = PBXVariantGroup;
			children = (
				1D4F5F6D23D6910200DFD39A /* Base */,
			);
			name = Main.storyboard;
			sourceTree = "<group>";
		};
		1D4F5F7423D6910700DFD39A /* LaunchScreen.storyboard */ = {
			isa = PBXVariantGroup;
			children = (
				1D4F5F7523D6910700DFD39A /* Base */,
			);
			name = LaunchScreen.storyboard;
			sourceTree = "<group>";
		};
/* End PBXVariantGroup section */

/* Begin XCBuildConfiguration section */
		1D4F5F8E23D6910800DFD39A /* Debug */ = {
			isa = XCBuildConfiguration;
			buildSettings = {
				ALWAYS_SEARCH_USER_PATHS = NO;
				CLANG_ANALYZER_NONNULL = YES;
				CLANG_ANALYZER_NUMBER_OBJECT_CONVERSION = YES_AGGRESSIVE;
				CLANG_CXX_LANGUAGE_STANDARD = "gnu++14";
				CLANG_CXX_LIBRARY = "libc++";
				CLANG_ENABLE_MODULES = YES;
				CLANG_ENABLE_OBJC_ARC = YES;
				CLANG_ENABLE_OBJC_WEAK = YES;
				CLANG_WARN_BLOCK_CAPTURE_AUTORELEASING = YES;
				CLANG_WARN_BOOL_CONVERSION = YES;
				CLANG_WARN_COMMA = YES;
				CLANG_WARN_CONSTANT_CONVERSION = YES;
				CLANG_WARN_DEPRECATED_OBJC_IMPLEMENTATIONS = YES;
				CLANG_WARN_DIRECT_OBJC_ISA_USAGE = YES_ERROR;
				CLANG_WARN_DOCUMENTATION_COMMENTS = YES;
				CLANG_WARN_EMPTY_BODY = YES;
				CLANG_WARN_ENUM_CONVERSION = YES;
				CLANG_WARN_INFINITE_RECURSION = YES;
				CLANG_WARN_INT_CONVERSION = YES;
				CLANG_WARN_NON_LITERAL_NULL_CONVERSION = YES;
				CLANG_WARN_OBJC_IMPLICIT_RETAIN_SELF = YES;
				CLANG_WARN_OBJC_LITERAL_CONVERSION = YES;
				CLANG_WARN_OBJC_ROOT_CLASS = YES_ERROR;
				CLANG_WARN_RANGE_LOOP_ANALYSIS = YES;
				CLANG_WARN_STRICT_PROTOTYPES = YES;
				CLANG_WARN_SUSPICIOUS_MOVE = YES;
				CLANG_WARN_UNGUARDED_AVAILABILITY = YES_AGGRESSIVE;
				CLANG_WARN_UNREACHABLE_CODE = YES;
				CLANG_WARN__DUPLICATE_METHOD_MATCH = YES;
				COPY_PHASE_STRIP = NO;
				DEBUG_INFORMATION_FORMAT = dwarf;
				ENABLE_STRICT_OBJC_MSGSEND = YES;
				ENABLE_TESTABILITY = YES;
				GCC_C_LANGUAGE_STANDARD = gnu11;
				GCC_DYNAMIC_NO_PIC = NO;
				GCC_NO_COMMON_BLOCKS = YES;
				GCC_OPTIMIZATION_LEVEL = 0;
				GCC_PREPROCESSOR_DEFINITIONS = (
					"DEBUG=1",
					"$(inherited)",
				);
				GCC_WARN_64_TO_32_BIT_CONVERSION = YES;
				GCC_WARN_ABOUT_RETURN_TYPE = YES_ERROR;
				GCC_WARN_UNDECLARED_SELECTOR = YES;
				GCC_WARN_UNINITIALIZED_AUTOS = YES_AGGRESSIVE;
				GCC_WARN_UNUSED_FUNCTION = YES;
				GCC_WARN_UNUSED_VARIABLE = YES;
				IPHONEOS_DEPLOYMENT_TARGET = 13.2;
				MTL_ENABLE_DEBUG_INFO = INCLUDE_SOURCE;
				MTL_FAST_MATH = YES;
				ONLY_ACTIVE_ARCH = YES;
				SDKROOT = iphoneos;
				SWIFT_ACTIVE_COMPILATION_CONDITIONS = DEBUG;
				SWIFT_OPTIMIZATION_LEVEL = "-Onone";
			};
			name = Debug;
		};
		1D4F5F8F23D6910800DFD39A /* Release */ = {
			isa = XCBuildConfiguration;
			buildSettings = {
				ALWAYS_SEARCH_USER_PATHS = NO;
				CLANG_ANALYZER_NONNULL = YES;
				CLANG_ANALYZER_NUMBER_OBJECT_CONVERSION = YES_AGGRESSIVE;
				CLANG_CXX_LANGUAGE_STANDARD = "gnu++14";
				CLANG_CXX_LIBRARY = "libc++";
				CLANG_ENABLE_MODULES = YES;
				CLANG_ENABLE_OBJC_ARC = YES;
				CLANG_ENABLE_OBJC_WEAK = YES;
				CLANG_WARN_BLOCK_CAPTURE_AUTORELEASING = YES;
				CLANG_WARN_BOOL_CONVERSION = YES;
				CLANG_WARN_COMMA = YES;
				CLANG_WARN_CONSTANT_CONVERSION = YES;
				CLANG_WARN_DEPRECATED_OBJC_IMPLEMENTATIONS = YES;
				CLANG_WARN_DIRECT_OBJC_ISA_USAGE = YES_ERROR;
				CLANG_WARN_DOCUMENTATION_COMMENTS = YES;
				CLANG_WARN_EMPTY_BODY = YES;
				CLANG_WARN_ENUM_CONVERSION = YES;
				CLANG_WARN_INFINITE_RECURSION = YES;
				CLANG_WARN_INT_CONVERSION = YES;
				CLANG_WARN_NON_LITERAL_NULL_CONVERSION = YES;
				CLANG_WARN_OBJC_IMPLICIT_RETAIN_SELF = YES;
				CLANG_WARN_OBJC_LITERAL_CONVERSION = YES;
				CLANG_WARN_OBJC_ROOT_CLASS = YES_ERROR;
				CLANG_WARN_RANGE_LOOP_ANALYSIS = YES;
				CLANG_WARN_STRICT_PROTOTYPES = YES;
				CLANG_WARN_SUSPICIOUS_MOVE = YES;
				CLANG_WARN_UNGUARDED_AVAILABILITY = YES_AGGRESSIVE;
				CLANG_WARN_UNREACHABLE_CODE = YES;
				CLANG_WARN__DUPLICATE_METHOD_MATCH = YES;
				COPY_PHASE_STRIP = NO;
				DEBUG_INFORMATION_FORMAT = "dwarf-with-dsym";
				ENABLE_NS_ASSERTIONS = NO;
				ENABLE_STRICT_OBJC_MSGSEND = YES;
				GCC_C_LANGUAGE_STANDARD = gnu11;
				GCC_NO_COMMON_BLOCKS = YES;
				GCC_WARN_64_TO_32_BIT_CONVERSION = YES;
				GCC_WARN_ABOUT_RETURN_TYPE = YES_ERROR;
				GCC_WARN_UNDECLARED_SELECTOR = YES;
				GCC_WARN_UNINITIALIZED_AUTOS = YES_AGGRESSIVE;
				GCC_WARN_UNUSED_FUNCTION = YES;
				GCC_WARN_UNUSED_VARIABLE = YES;
				IPHONEOS_DEPLOYMENT_TARGET = 13.2;
				MTL_ENABLE_DEBUG_INFO = NO;
				MTL_FAST_MATH = YES;
				SDKROOT = iphoneos;
				SWIFT_COMPILATION_MODE = wholemodule;
				SWIFT_OPTIMIZATION_LEVEL = "-O";
				VALIDATE_PRODUCT = YES;
			};
			name = Release;
		};
		1D4F5F9123D6910800DFD39A /* Debug */ = {
			isa = XCBuildConfiguration;
			buildSettings = {
				ASSETCATALOG_COMPILER_APPICON_NAME = AppIcon;
				CODE_SIGN_STYLE = Automatic;
				INFOPLIST_FILE = JSONWritingProject/Info.plist;
				LD_RUNPATH_SEARCH_PATHS = (
					"$(inherited)",
					"@executable_path/Frameworks",
				);
				PRODUCT_BUNDLE_IDENTIFIER = com.brandonadiele.JSONWritingProject;
				PRODUCT_NAME = "$(TARGET_NAME)";
				SWIFT_VERSION = 5.0;
				TARGETED_DEVICE_FAMILY = "1,2";
			};
			name = Debug;
		};
		1D4F5F9223D6910800DFD39A /* Release */ = {
			isa = XCBuildConfiguration;
			buildSettings = {
				ASSETCATALOG_COMPILER_APPICON_NAME = AppIcon;
				CODE_SIGN_STYLE = Automatic;
				INFOPLIST_FILE = JSONWritingProject/Info.plist;
				LD_RUNPATH_SEARCH_PATHS = (
					"$(inherited)",
					"@executable_path/Frameworks",
				);
				PRODUCT_BUNDLE_IDENTIFIER = com.brandonadiele.JSONWritingProject;
				PRODUCT_NAME = "$(TARGET_NAME)";
				SWIFT_VERSION = 5.0;
				TARGETED_DEVICE_FAMILY = "1,2";
			};
			name = Release;
		};
		1D4F5F9423D6910800DFD39A /* Debug */ = {
			isa = XCBuildConfiguration;
			buildSettings = {
				ALWAYS_EMBED_SWIFT_STANDARD_LIBRARIES = YES;
				BUNDLE_LOADER = "$(TEST_HOST)";
				CODE_SIGN_STYLE = Automatic;
				INFOPLIST_FILE = JSONWritingProjectTests/Info.plist;
				IPHONEOS_DEPLOYMENT_TARGET = 13.2;
				LD_RUNPATH_SEARCH_PATHS = (
					"$(inherited)",
					"@executable_path/Frameworks",
					"@loader_path/Frameworks",
				);
				PRODUCT_BUNDLE_IDENTIFIER = com.brandonadiele.JSONWritingProjectTests;
				PRODUCT_NAME = "$(TARGET_NAME)";
				SWIFT_VERSION = 5.0;
				TARGETED_DEVICE_FAMILY = "1,2";
				TEST_HOST = "$(BUILT_PRODUCTS_DIR)/JSONWritingProject.app/JSONWritingProject";
			};
			name = Debug;
		};
		1D4F5F9523D6910800DFD39A /* Release */ = {
			isa = XCBuildConfiguration;
			buildSettings = {
				ALWAYS_EMBED_SWIFT_STANDARD_LIBRARIES = YES;
				BUNDLE_LOADER = "$(TEST_HOST)";
				CODE_SIGN_STYLE = Automatic;
				INFOPLIST_FILE = JSONWritingProjectTests/Info.plist;
				IPHONEOS_DEPLOYMENT_TARGET = 13.2;
				LD_RUNPATH_SEARCH_PATHS = (
					"$(inherited)",
					"@executable_path/Frameworks",
					"@loader_path/Frameworks",
				);
				PRODUCT_BUNDLE_IDENTIFIER = com.brandonadiele.JSONWritingProjectTests;
				PRODUCT_NAME = "$(TARGET_NAME)";
				SWIFT_VERSION = 5.0;
				TARGETED_DEVICE_FAMILY = "1,2";
				TEST_HOST = "$(BUILT_PRODUCTS_DIR)/JSONWritingProject.app/JSONWritingProject";
			};
			name = Release;
		};
		1D4F5F9723D6910800DFD39A /* Debug */ = {
			isa = XCBuildConfiguration;
			buildSettings = {
				ALWAYS_EMBED_SWIFT_STANDARD_LIBRARIES = YES;
				CODE_SIGN_STYLE = Automatic;
				INFOPLIST_FILE = JSONWritingProjectUITests/Info.plist;
				LD_RUNPATH_SEARCH_PATHS = (
					"$(inherited)",
					"@executable_path/Frameworks",
					"@loader_path/Frameworks",
				);
				PRODUCT_BUNDLE_IDENTIFIER = com.brandonadiele.JSONWritingProjectUITests;
				PRODUCT_NAME = "$(TARGET_NAME)";
				SWIFT_VERSION = 5.0;
				TARGETED_DEVICE_FAMILY = "1,2";
				TEST_TARGET_NAME = JSONWritingProject;
			};
			name = Debug;
		};
		1D4F5F9823D6910800DFD39A /* Release */ = {
			isa = XCBuildConfiguration;
			buildSettings = {
				ALWAYS_EMBED_SWIFT_STANDARD_LIBRARIES = YES;
				CODE_SIGN_STYLE = Automatic;
				INFOPLIST_FILE = JSONWritingProjectUITests/Info.plist;
				LD_RUNPATH_SEARCH_PATHS = (
					"$(inherited)",
					"@executable_path/Frameworks",
					"@loader_path/Frameworks",
				);
				PRODUCT_BUNDLE_IDENTIFIER = com.brandonadiele.JSONWritingProjectUITests;
				PRODUCT_NAME = "$(TARGET_NAME)";
				SWIFT_VERSION = 5.0;
				TARGETED_DEVICE_FAMILY = "1,2";
				TEST_TARGET_NAME = JSONWritingProject;
			};
			name = Release;
		};
/* End XCBuildConfiguration section */

/* Begin XCConfigurationList section */
		1D4F5F5E23D6910200DFD39A /* Build configuration list for PBXProject "JSONWritingProject" */ = {
			isa = XCConfigurationList;
			buildConfigurations = (
				1D4F5F8E23D6910800DFD39A /* Debug */,
				1D4F5F8F23D6910800DFD39A /* Release */,
			);
			defaultConfigurationIsVisible = 0;
			defaultConfigurationName = Release;
		};
		1D4F5F9023D6910800DFD39A /* Build configuration list for PBXNativeTarget "JSONWritingProject" */ = {
			isa = XCConfigurationList;
			buildConfigurations = (
				1D4F5F9123D6910800DFD39A /* Debug */,
				1D4F5F9223D6910800DFD39A /* Release */,
			);
			defaultConfigurationIsVisible = 0;
			defaultConfigurationName = Release;
		};
		1D4F5F9323D6910800DFD39A /* Build configuration list for PBXNativeTarget "JSONWritingProjectTests" */ = {
			isa = XCConfigurationList;
			buildConfigurations = (
				1D4F5F9423D6910800DFD39A /* Debug */,
				1D4F5F9523D6910800DFD39A /* Release */,
			);
			defaultConfigurationIsVisible = 0;
			defaultConfigurationName = Release;
		};
		1D4F5F9623D6910800DFD39A /* Build configuration list for PBXNativeTarget "JSONWritingProjectUITests" */ = {
			isa = XCConfigurationList;
			buildConfigurations = (
				1D4F5F9723D6910800DFD39A /* Debug */,
				1D4F5F9823D6910800DFD39A /* Release */,
			);
			defaultConfigurationIsVisible = 0;
			defaultConfigurationName = Release;
		};
/* End XCConfigurationList section */

/* Begin XCVersionGroup section */
		1D4F5F6F23D6910200DFD39A /* JSONWritingProject.xcdatamodeld */ = {
			isa = XCVersionGroup;
			children = (
				1D4F5F7023D6910200DFD39A /* JSONWritingProject.xcdatamodel */,
			);
			currentVersion = 1D4F5F7023D6910200DFD39A /* JSONWritingProject.xcdatamodel */;
			path = JSONWritingProject.xcdatamodeld;
			sourceTree = "<group>";
			versionGroupType = wrapper.xcdatamodel;
		};
/* End XCVersionGroup section */
	};
	rootObject = 1D4F5F5B23D6910200DFD39A /* Project object */;
}
